
Microsoft Visual Studio Solution File, Format Version 12.00
# Visual Studio Version 16
VisualStudioVersion = 16.0.31105.61
MinimumVisualStudioVersion = 10.0.40219.1
Project("{FAE04EC0-301F-11D3-BF4B-00C04F79EFBC}") = "LeaveTrack", "LeaveTrackingAPI\LeaveTrack.csproj", "{A2F5528D-72F2-49AE-9AFD-DE0CF10694E3}"
EndProject
Global
	GlobalSection(SolutionConfigurationPlatforms) = preSolution
		Debug|Any CPU = Debug|Any CPU
		Release|Any CPU = Release|Any CPU
	EndGlobalSection
	GlobalSection(ProjectConfigurationPlatforms) = postSolution
		{A2F5528D-72F2-49AE-9AFD-DE0CF10694E3}.Debug|Any CPU.ActiveCfg = Debug|Any CPU
		{A2F5528D-72F2-49AE-9AFD-DE0CF10694E3}.Debug|Any CPU.Build.0 = Debug|Any CPU
		{A2F5528D-72F2-49AE-9AFD-DE0CF10694E3}.Release|Any CPU.ActiveCfg = Release|Any CPU
		{A2F5528D-72F2-49AE-9AFD-DE0CF10694E3}.Release|Any CPU.Build.0 = Release|Any CPU
	EndGlobalSection
	GlobalSection(SolutionProperties) = preSolution
		HideSolutionNode = FALSE
	EndGlobalSection
	GlobalSection(ExtensibilityGlobals) = postSolution
		SolutionGuid = {6AF1A2E2-C87D-4BA6-8F02-03A03C908869}
	EndGlobalSection
EndGlobal
